
Microsoft Visual Studio Solution File, Format Version 12.00
# Visual Studio Version 17
VisualStudioVersion = 17.6.33801.468
MinimumVisualStudioVersion = 10.0.40219.1
Project("{9A19103F-16F7-4668-BE54-9A1E7A4F7556}") = "TrackerLibrary", "TrackerLibrary\TrackerLibrary.csproj", "{DFEC9919-2255-4BF9-BD42-B6FA9A3071C7}"
EndProject
Project("{FAE04EC0-301F-11D3-BF4B-00C04F79EFBC}") = "TrackerUI", "TrackerUI\TrackerUI.csproj", "{F9E659EA-562C-4BB2-B163-C045C77A30FC}"
EndProject
Global
	GlobalSection(SolutionConfigurationPlatforms) = preSolution
		Debug|Any CPU = Debug|Any CPU
		Release|Any CPU = Release|Any CPU
	EndGlobalSection
	GlobalSection(ProjectConfigurationPlatforms) = postSolution
		{DFEC9919-2255-4BF9-BD42-B6FA9A3071C7}.Debug|Any CPU.ActiveCfg = Debug|Any CPU
		{DFEC9919-2255-4BF9-BD42-B6FA9A3071C7}.Debug|Any CPU.Build.0 = Debug|Any CPU
		{DFEC9919-2255-4BF9-BD42-B6FA9A3071C7}.Release|Any CPU.ActiveCfg = Release|Any CPU
		{DFEC9919-2255-4BF9-BD42-B6FA9A3071C7}.Release|Any CPU.Build.0 = Release|Any CPU
		{F9E659EA-562C-4BB2-B163-C045C77A30FC}.Debug|Any CPU.ActiveCfg = Debug|Any CPU
		{F9E659EA-562C-4BB2-B163-C045C77A30FC}.Debug|Any CPU.Build.0 = Debug|Any CPU
		{F9E659EA-562C-4BB2-B163-C045C77A30FC}.Release|Any CPU.ActiveCfg = Release|Any CPU
		{F9E659EA-562C-4BB2-B163-C045C77A30FC}.Release|Any CPU.Build.0 = Release|Any CPU
	EndGlobalSection
	GlobalSection(SolutionProperties) = preSolution
		HideSolutionNode = FALSE
	EndGlobalSection
	GlobalSection(ExtensibilityGlobals) = postSolution
		SolutionGuid = {0FC0313D-F19B-4BF5-995D-D6D28888A50C}
	EndGlobalSection
EndGlobal
